
Microsoft Visual Studio Solution File, Format Version 12.00
# Visual Studio 15
VisualStudioVersion = 15.0.28307.271
MinimumVisualStudioVersion = 10.0.40219.1
Project("{FAE04EC0-301F-11D3-BF4B-00C04F79EFBC}") = "Exercise1", "Exercise1\Exercise1.csproj", "{89C51E45-20F2-4770-BA70-8467DC23A224}"
EndProject
Project("{FAE04EC0-301F-11D3-BF4B-00C04F79EFBC}") = "Exercise2", "Exercise2\Exercise2.csproj", "{120D8F01-D877-40BB-BF90-5597EC4C6FBA}"
EndProject
Project("{FAE04EC0-301F-11D3-BF4B-00C04F79EFBC}") = "Exercise3", "Exercise3\Exercise3.csproj", "{E6BAA844-A536-42D1-9897-D746AAD36E07}"
EndProject
Global
	GlobalSection(SolutionConfigurationPlatforms) = preSolution
		Debug|Any CPU = Debug|Any CPU
		Release|Any CPU = Release|Any CPU
	EndGlobalSection
	GlobalSection(ProjectConfigurationPlatforms) = postSolution
		{89C51E45-20F2-4770-BA70-8467DC23A224}.Debug|Any CPU.ActiveCfg = Debug|Any CPU
		{89C51E45-20F2-4770-BA70-8467DC23A224}.Debug|Any CPU.Build.0 = Debug|Any CPU
		{89C51E45-20F2-4770-BA70-8467DC23A224}.Release|Any CPU.ActiveCfg = Release|Any CPU
		{89C51E45-20F2-4770-BA70-8467DC23A224}.Release|Any CPU.Build.0 = Release|Any CPU
		{120D8F01-D877-40BB-BF90-5597EC4C6FBA}.Debug|Any CPU.ActiveCfg = Debug|Any CPU
		{120D8F01-D877-40BB-BF90-5597EC4C6FBA}.Debug|Any CPU.Build.0 = Debug|Any CPU
		{120D8F01-D877-40BB-BF90-5597EC4C6FBA}.Release|Any CPU.ActiveCfg = Release|Any CPU
		{120D8F01-D877-40BB-BF90-5597EC4C6FBA}.Release|Any CPU.Build.0 = Release|Any CPU
		{E6BAA844-A536-42D1-9897-D746AAD36E07}.Debug|Any CPU.ActiveCfg = Debug|Any CPU
		{E6BAA844-A536-42D1-9897-D746AAD36E07}.Debug|Any CPU.Build.0 = Debug|Any CPU
		{E6BAA844-A536-42D1-9897-D746AAD36E07}.Release|Any CPU.ActiveCfg = Release|Any CPU
		{E6BAA844-A536-42D1-9897-D746AAD36E07}.Release|Any CPU.Build.0 = Release|Any CPU
	EndGlobalSection
	GlobalSection(SolutionProperties) = preSolution
		HideSolutionNode = FALSE
	EndGlobalSection
	GlobalSection(ExtensibilityGlobals) = postSolution
		SolutionGuid = {24D89C8D-56D9-403B-BE4C-3B20A7648B18}
	EndGlobalSection
EndGlobal
